
Microsoft Visual Studio Solution File, Format Version 12.00
# Visual Studio 15
VisualStudioVersion = 15.0.28307.136
MinimumVisualStudioVersion = 10.0.40219.1
Project("{FAE04EC0-301F-11D3-BF4B-00C04F79EFBC}") = "WindowLayout", "WindowLayout\WindowLayout.csproj", "{9CD0E195-ADFB-4960-9B3D-619F63034AFE}"
EndProject
Project("{FAE04EC0-301F-11D3-BF4B-00C04F79EFBC}") = "UnitTests", "UnitTests\UnitTests.csproj", "{F3424665-FF67-409D-87E3-F0691E124DC8}"
EndProject
Global
	GlobalSection(SolutionConfigurationPlatforms) = preSolution
		Debug|Any CPU = Debug|Any CPU
		Release|Any CPU = Release|Any CPU
	EndGlobalSection
	GlobalSection(ProjectConfigurationPlatforms) = postSolution
		{9CD0E195-ADFB-4960-9B3D-619F63034AFE}.Debug|Any CPU.ActiveCfg = Debug|Any CPU
		{9CD0E195-ADFB-4960-9B3D-619F63034AFE}.Debug|Any CPU.Build.0 = Debug|Any CPU
		{9CD0E195-ADFB-4960-9B3D-619F63034AFE}.Release|Any CPU.ActiveCfg = Release|Any CPU
		{9CD0E195-ADFB-4960-9B3D-619F63034AFE}.Release|Any CPU.Build.0 = Release|Any CPU
		{F3424665-FF67-409D-87E3-F0691E124DC8}.Debug|Any CPU.ActiveCfg = Debug|Any CPU
		{F3424665-FF67-409D-87E3-F0691E124DC8}.Debug|Any CPU.Build.0 = Debug|Any CPU
		{F3424665-FF67-409D-87E3-F0691E124DC8}.Release|Any CPU.ActiveCfg = Release|Any CPU
		{F3424665-FF67-409D-87E3-F0691E124DC8}.Release|Any CPU.Build.0 = Release|Any CPU
	EndGlobalSection
	GlobalSection(SolutionProperties) = preSolution
		HideSolutionNode = FALSE
	EndGlobalSection
	GlobalSection(ExtensibilityGlobals) = postSolution
		SolutionGuid = {60098191-ECDD-4EDF-BD7A-22037C06CF99}
	EndGlobalSection
EndGlobal
